# THIS IS AN AUTOGENERATED FILE. DO NOT EDIT THIS FILE DIRECTLY.
# yarn lockfile v1


"@ethersproject/bignumber@^5.5.0", "@ethersproject/bignumber@^5.7.0":
  version "5.7.0"
  resolved "https://registry.yarnpkg.com/@ethersproject/bignumber/-/bignumber-5.7.0.tgz#e2f03837f268ba655ffba03a57853e18a18dc9c2"
  integrity sha512-n1CAdIHRWjSucQO3MC1zPSVgV/6dy/fjL9pMrPP9peL+QxEg9wOsVqwD4+818B6LUEtaXzVHQiuivzRoxPxUGw==
  dependencies:
    "@ethersproject/bytes" "^5.7.0"
    "@ethersproject/logger" "^5.7.0"
    bn.js "^5.2.1"

"@ethersproject/bytes@^5.7.0":
  version "5.7.0"
  resolved "https://registry.yarnpkg.com/@ethersproject/bytes/-/bytes-5.7.0.tgz#a00f6ea8d7e7534d6d87f47188af1148d71f155d"
  integrity sha512-nsbxwgFXWh9NyYWo+U8atvmMsSdKJprTcICAkvbBffT75qDocbuggBU0SJiVK2MuTrp0q+xvLkTnGMPK1+uA9A==
  dependencies:
    "@ethersproject/logger" "^5.7.0"

"@ethersproject/constants@^5.7.0":
  version "5.7.0"
  resolved "https://registry.yarnpkg.com/@ethersproject/constants/-/constants-5.7.0.tgz#df80a9705a7e08984161f09014ea012d1c75295e"
  integrity sha512-DHI+y5dBNvkpYUMiRQyxRBYBefZkJfo70VUkUAsRjcPs47muV9evftfZ0PJVCXYbAiCgght0DtcF9srFQmIgWA==
  dependencies:
    "@ethersproject/bignumber" "^5.7.0"

"@ethersproject/keccak256@^5.7.0":
  version "5.7.0"
  resolved "https://registry.yarnpkg.com/@ethersproject/keccak256/-/keccak256-5.7.0.tgz#3186350c6e1cd6aba7940384ec7d6d9db01f335a"
  integrity sha512-2UcPboeL/iW+pSg6vZ6ydF8tCnv3Iu/8tUmLLzWWGzxWKFFqOBQFLo6uLUv6BDrLgCDfN28RJ/wtByx+jZ4KBg==
  dependencies:
    "@ethersproject/bytes" "^5.7.0"
    js-sha3 "0.8.0"

"@ethersproject/logger@^5.7.0":
  version "5.7.0"
  resolved "https://registry.yarnpkg.com/@ethersproject/logger/-/logger-5.7.0.tgz#6ce9ae168e74fecf287be17062b590852c311892"
  integrity sha512-0odtFdXu/XHtjQXJYA3u9G0G8btm0ND5Cu8M7i5vhEcE8/HmF4Lbdqanwyv4uQTr2tx6b7fQRmgLrsnpQlmnig==

"@ethersproject/random@^5.5.1":
  version "5.7.0"
  resolved "https://registry.yarnpkg.com/@ethersproject/random/-/random-5.7.0.tgz#af19dcbc2484aae078bb03656ec05df66253280c"
  integrity sha512-19WjScqRA8IIeWclFme75VMXSBvi4e6InrUNuaR4s5pTF2qNhcGdCUwdxUVGtDDqC00sDLCO93jPQoDUH4HVmQ==
  dependencies:
    "@ethersproject/bytes" "^5.7.0"
    "@ethersproject/logger" "^5.7.0"

"@ethersproject/strings@^5.5.0", "@ethersproject/strings@^5.6.1":
  version "5.7.0"
  resolved "https://registry.yarnpkg.com/@ethersproject/strings/-/strings-5.7.0.tgz#54c9d2a7c57ae8f1205c88a9d3a56471e14d5ed2"
  integrity sha512-/9nu+lj0YswRNSH0NXYqrh8775XNyEdUQAuf3f+SmOrnVewcJ5SBNAjF7lpgehKi4abvNNXyf+HX86czCdJ8Mg==
  dependencies:
    "@ethersproject/bytes" "^5.7.0"
    "@ethersproject/constants" "^5.7.0"
    "@ethersproject/logger" "^5.7.0"

"@semaphore-protocol/group@^3.15.0":
  version "3.15.0"
  resolved "https://registry.yarnpkg.com/@semaphore-protocol/group/-/group-3.15.0.tgz#82da17b1ad2870574633bb330cb9e212053dd9fb"
  integrity sha512-yAPvwvx/xQOZ5Ps5MNzVnhmiizxCUTQwp21nvTQTM22JMGycIFln2naRkjvvgxePXIJ5j8CmjMmTmY2k+3wpcg==
  dependencies:
    "@ethersproject/bignumber" "^5.7.0"
    "@ethersproject/bytes" "^5.7.0"
    "@ethersproject/keccak256" "^5.7.0"
    "@zk-kit/incremental-merkle-tree" "1.1.0"

"@semaphore-protocol/identity@^3.15.0":
  version "3.15.0"
  resolved "https://registry.yarnpkg.com/@semaphore-protocol/identity/-/identity-3.15.0.tgz#cd930e71e3782d7f70c7e48b805eb0bc8171107c"
  integrity sha512-X3EdkMZ/riGKAuapQaUvLeWKk5CYbvipriBXYOpnVcT6XbWMKMBPdFB5cRvW9cNyORl5nEQ6+43ejWYZYSZkYQ==
  dependencies:
    "@ethersproject/bignumber" "^5.5.0"
    "@ethersproject/keccak256" "^5.7.0"
    "@ethersproject/random" "^5.5.1"
    "@ethersproject/strings" "^5.6.1"
    js-sha512 "^0.8.0"

"@semaphore-protocol/proof@^3.15.0":
  version "3.15.0"
  resolved "https://registry.yarnpkg.com/@semaphore-protocol/proof/-/proof-3.15.0.tgz#a31bb268c4f89ee41904172ce5d60a97b549985b"
  integrity sha512-lMyDqVE1uHDyDw8FJgSUD1xp+BqhOkcsFn0d7hmTADfU5Y8ew9z50wuUN2cNBW4il70/kXlCB/mSkJQfrh7fZg==
  dependencies:
    "@ethersproject/bignumber" "^5.5.0"
    "@ethersproject/bytes" "^5.7.0"
    "@ethersproject/keccak256" "^5.7.0"
    "@ethersproject/strings" "^5.5.0"
    "@zk-kit/groth16" "0.1.0"
    "@zk-kit/incremental-merkle-tree" "0.4.3"

"@semaphore-research/merkle-tree@0.3.0":
  version "0.3.0"
  resolved "https://registry.yarnpkg.com/@semaphore-research/merkle-tree/-/merkle-tree-0.3.0.tgz#58b4167ddb1a85a6e65615cbf70b4952491b8ff0"
  integrity sha512-42z9LsG5i5Vb9u1sfPIsGNhueJ/l9m1aToKQCcvkeZs+klgfgLGaAC11tn7afF2VPjdPFZ5xRpmqsXrcMxdTsw==
  dependencies:
    poseidon-lite "^0.2.0"

"@zk-kit/groth16@0.1.0":
  version "0.1.0"
  resolved "https://registry.yarnpkg.com/@zk-kit/groth16/-/groth16-0.1.0.tgz#bbde6ad0b74c0f422be92ea3c077a433683271f8"
  integrity sha512-ilFDztfBAUkC08HNwpwJxDAHromACBBizH/ouKXOeCnlaNw3zwetuhJVwBS+urAzNwu3TU94OcOmAV1JY83mLQ==
  dependencies:
    circom_runtime "0.1.24"
    ffjavascript "0.2.60"

"@zk-kit/groth16@^0.4.0":
  version "0.4.0"
  resolved "https://registry.yarnpkg.com/@zk-kit/groth16/-/groth16-0.4.0.tgz#85093e91cb08eb49c6997bff4990e2c878efeed1"
  integrity sha512-R0mZp4kA2DuHtppVHCSdZzecmePPD8zSifsWBoIonUX9a8mM/jRniE/LdR0rFhlcWBBwUJqVtGmMqCCuY2RNsg==
  dependencies:
    circom_runtime "0.1.24"
    ffjavascript "0.2.60"

"@zk-kit/incremental-merkle-tree@0.4.3":
  version "0.4.3"
  resolved "https://registry.yarnpkg.com/@zk-kit/incremental-merkle-tree/-/incremental-merkle-tree-0.4.3.tgz#197f72102d35dd9c546a6a432896d6d6f6de05f4"
  integrity sha512-2qHfrJXtPx8/UmF0wFAUr4VqCLr3J/P859fk/e3fwKLUnf3baeIUAO6inY4wrh0NGy4bzpKUWYjDph0yTbPz6A==

"@zk-kit/incremental-merkle-tree@1.1.0":
  version "1.1.0"
  resolved "https://registry.yarnpkg.com/@zk-kit/incremental-merkle-tree/-/incremental-merkle-tree-1.1.0.tgz#6b0ccce56f9e05ccf73f7ea4fa746d5ef7d24b1d"
  integrity sha512-WnNR/GQse3lX8zOHMU8zwhgX8u3qPoul8w4GjJ0WDHq+VGJimo7EGheRZ/ILeBQabnlzAerdv3vBqYBehBeoKA==

bn.js@^5.2.1:
  version "5.2.1"
  resolved "https://registry.yarnpkg.com/bn.js/-/bn.js-5.2.1.tgz#0bc527a6a0d18d0aa8d5b0538ce4a77dccfa7b70"
  integrity sha512-eXRvHzWyYPBuB4NBy0cmYQjGitUrtqwbvlzP3G6VFnNRbsZQIxQ10PbKKHt8gZ/HW/D/747aDl+QkDqg3KQLMQ==

circom_runtime@0.1.24:
  version "0.1.24"
  resolved "https://registry.yarnpkg.com/circom_runtime/-/circom_runtime-0.1.24.tgz#60ca8a31c3675802fbab5a0bcdeb02556e510733"
  integrity sha512-H7/7I2J/cBmRnZm9docOCGhfxzS61BEm4TMCWcrZGsWNBQhePNfQq88Oj2XpUfzmBTCd8pRvRb3Mvazt3TMrJw==
  dependencies:
    ffjavascript "0.2.60"

circomlib@^2.0.2:
  version "2.0.5"
  resolved "https://registry.yarnpkg.com/circomlib/-/circomlib-2.0.5.tgz#183c703e53ed7d011811842dbeeeb9819f4cc1d6"
  integrity sha512-O7NQ8OS+J4eshBuoy36z/TwQU0YHw8W3zxZcs4hVwpEll3e4hDm3mgkIPqItN8FDeLEKZFK3YeT/+k8TiLF3/A==

ffjavascript@0.2.60:
  version "0.2.60"
  resolved "https://registry.yarnpkg.com/ffjavascript/-/ffjavascript-0.2.60.tgz#4d8ae613d6bf4e98b3cc29ba10c626f5853854cf"
  integrity sha512-T/9bnEL5xAZRDbQoEMf+pM9nrhK+C3JyZNmqiWub26EQorW7Jt+jR54gpqDhceA4Nj0YctPQwYnl8xa52/A26A==
  dependencies:
    wasmbuilder "0.0.16"
    wasmcurves "0.2.2"
    web-worker "^1.2.0"

js-sha3@0.8.0:
  version "0.8.0"
  resolved "https://registry.yarnpkg.com/js-sha3/-/js-sha3-0.8.0.tgz#b9b7a5da73afad7dedd0f8c463954cbde6818840"
  integrity sha512-gF1cRrHhIzNfToc802P800N8PpXS+evLLXfsVpowqmAFR9uwbi89WvXg2QspOmXL8QL86J4T1EpFu+yUkwJY3Q==

js-sha512@^0.8.0:
  version "0.8.0"
  resolved "https://registry.yarnpkg.com/js-sha512/-/js-sha512-0.8.0.tgz#dd22db8d02756faccf19f218e3ed61ec8249f7d4"
  integrity sha512-PWsmefG6Jkodqt+ePTvBZCSMFgN7Clckjd0O7su3I0+BW2QWUTJNzjktHsztGLhncP2h8mcF9V9Y2Ha59pAViQ==

poseidon-lite@^0.2.0:
  version "0.2.0"
  resolved "https://registry.yarnpkg.com/poseidon-lite/-/poseidon-lite-0.2.0.tgz#dbc242ebd9c10c32d507a533fa497231d168fd72"
  integrity sha512-vivDZnGmz8W4G/GzVA72PXkfYStjilu83rjjUfpL4PueKcC8nfX6hCPh2XhoC5FBgC6y0TA3YuUeUo5YCcNoig==

wasmbuilder@0.0.16:
  version "0.0.16"
  resolved "https://registry.yarnpkg.com/wasmbuilder/-/wasmbuilder-0.0.16.tgz#f34c1f2c047d2f6e1065cbfec5603988f16d8549"
  integrity sha512-Qx3lEFqaVvp1cEYW7Bfi+ebRJrOiwz2Ieu7ZG2l7YyeSJIok/reEQCQCuicj/Y32ITIJuGIM9xZQppGx5LrQdA==

wasmcurves@0.2.2:
  version "0.2.2"
  resolved "https://registry.yarnpkg.com/wasmcurves/-/wasmcurves-0.2.2.tgz#ca444f6a6f6e2a5cbe6629d98ff478a62b4ccb2b"
  integrity sha512-JRY908NkmKjFl4ytnTu5ED6AwPD+8VJ9oc94kdq7h5bIwbj0L4TDJ69mG+2aLs2SoCmGfqIesMWTEJjtYsoQXQ==
  dependencies:
    wasmbuilder "0.0.16"

web-worker@^1.2.0:
  version "1.2.0"
  resolved "https://registry.yarnpkg.com/web-worker/-/web-worker-1.2.0.tgz#5d85a04a7fbc1e7db58f66595d7a3ac7c9c180da"
  integrity sha512-PgF341avzqyx60neE9DD+XS26MMNMoUQRz9NOZwW32nPQrF6p77f1htcnjBSEV8BGMKZ16choqUG4hyI0Hx7mA==
