# THIS IS AN AUTOGENERATED FILE. DO NOT EDIT THIS FILE DIRECTLY.
# yarn lockfile v1


"@ethersproject/bignumber@^5.5.0", "@ethersproject/bignumber@^5.7.0":
  version "5.7.0"
  resolved "https://registry.yarnpkg.com/@ethersproject/bignumber/-/bignumber-5.7.0.tgz#e2f03837f268ba655ffba03a57853e18a18dc9c2"
  integrity sha512-n1CAdIHRWjSucQO3MC1zPSVgV/6dy/fjL9pMrPP9peL+QxEg9wOsVqwD4+818B6LUEtaXzVHQiuivzRoxPxUGw==
  dependencies:
    "@ethersproject/bytes" "^5.7.0"
    "@ethersproject/logger" "^5.7.0"
    bn.js "^5.2.1"

"@ethersproject/bytes@^5.7.0":
  version "5.7.0"
  resolved "https://registry.yarnpkg.com/@ethersproject/bytes/-/bytes-5.7.0.tgz#a00f6ea8d7e7534d6d87f47188af1148d71f155d"
  integrity sha512-nsbxwgFXWh9NyYWo+U8atvmMsSdKJprTcICAkvbBffT75qDocbuggBU0SJiVK2MuTrp0q+xvLkTnGMPK1+uA9A==
  dependencies:
    "@ethersproject/logger" "^5.7.0"

"@ethersproject/constants@^5.7.0":
  version "5.7.0"
  resolved "https://registry.yarnpkg.com/@ethersproject/constants/-/constants-5.7.0.tgz#df80a9705a7e08984161f09014ea012d1c75295e"
  integrity sha512-DHI+y5dBNvkpYUMiRQyxRBYBefZkJfo70VUkUAsRjcPs47muV9evftfZ0PJVCXYbAiCgght0DtcF9srFQmIgWA==
  dependencies:
    "@ethersproject/bignumber" "^5.7.0"

"@ethersproject/keccak256@^5.7.0":
  version "5.7.0"
  resolved "https://registry.yarnpkg.com/@ethersproject/keccak256/-/keccak256-5.7.0.tgz#3186350c6e1cd6aba7940384ec7d6d9db01f335a"
  integrity sha512-2UcPboeL/iW+pSg6vZ6ydF8tCnv3Iu/8tUmLLzWWGzxWKFFqOBQFLo6uLUv6BDrLgCDfN28RJ/wtByx+jZ4KBg==
  dependencies:
    "@ethersproject/bytes" "^5.7.0"
    js-sha3 "0.8.0"

"@ethersproject/logger@^5.7.0":
  version "5.7.0"
  resolved "https://registry.yarnpkg.com/@ethersproject/logger/-/logger-5.7.0.tgz#6ce9ae168e74fecf287be17062b590852c311892"
  integrity sha512-0odtFdXu/XHtjQXJYA3u9G0G8btm0ND5Cu8M7i5vhEcE8/HmF4Lbdqanwyv4uQTr2tx6b7fQRmgLrsnpQlmnig==

"@ethersproject/random@^5.5.1":
  version "5.7.0"
  resolved "https://registry.yarnpkg.com/@ethersproject/random/-/random-5.7.0.tgz#af19dcbc2484aae078bb03656ec05df66253280c"
  integrity sha512-19WjScqRA8IIeWclFme75VMXSBvi4e6InrUNuaR4s5pTF2qNhcGdCUwdxUVGtDDqC00sDLCO93jPQoDUH4HVmQ==
  dependencies:
    "@ethersproject/bytes" "^5.7.0"
    "@ethersproject/logger" "^5.7.0"

"@ethersproject/strings@^5.5.0", "@ethersproject/strings@^5.6.1":
  version "5.7.0"
  resolved "https://registry.yarnpkg.com/@ethersproject/strings/-/strings-5.7.0.tgz#54c9d2a7c57ae8f1205c88a9d3a56471e14d5ed2"
  integrity sha512-/9nu+lj0YswRNSH0NXYqrh8775XNyEdUQAuf3f+SmOrnVewcJ5SBNAjF7lpgehKi4abvNNXyf+HX86czCdJ8Mg==
  dependencies:
    "@ethersproject/bytes" "^5.7.0"
    "@ethersproject/constants" "^5.7.0"
    "@ethersproject/logger" "^5.7.0"

"@iden3/bigarray@0.0.2":
  version "0.0.2"
  resolved "https://registry.yarnpkg.com/@iden3/bigarray/-/bigarray-0.0.2.tgz#6fc4ba5be18daf8a26ee393f2fb62b80d98c05e9"
  integrity sha512-Xzdyxqm1bOFF6pdIsiHLLl3HkSLjbhqJHVyqaTxXt3RqXBEnmsUmEW47H7VOi/ak7TdkRpNkxjyK5Zbkm+y52g==

"@iden3/binfileutils@0.0.10":
  version "0.0.10"
  resolved "https://registry.yarnpkg.com/@iden3/binfileutils/-/binfileutils-0.0.10.tgz#8791330780f6ea6bc063dda08c27b750d2233625"
  integrity sha512-mDtBiKYcHs9K8vnznd8md0In6e5hL6i7ITzlHQ6Xxx6kvGAgB8UZeHJ0KswS6IJK4x9v2mwHsh5kIDl245cQZg==
  dependencies:
    fastfile "0.0.19"
    ffjavascript "^0.2.48"

"@iden3/binfileutils@0.0.11":
  version "0.0.11"
  resolved "https://registry.yarnpkg.com/@iden3/binfileutils/-/binfileutils-0.0.11.tgz#9ffbbcc1279f2b2182bb6dcff4eee8a5b2167911"
  integrity sha512-LylnJoZ0CTdgErnKY8OxohvW4K+p6UHD3sxt+3P9AmMyBQjYR4IpoqoYZZ+9aMj89cmCQ21UvdhndAx04er3NA==
  dependencies:
    fastfile "0.0.20"
    ffjavascript "^0.2.48"

"@semaphore-protocol/group@^3.11.0":
  version "3.11.0"
  resolved "https://registry.yarnpkg.com/@semaphore-protocol/group/-/group-3.11.0.tgz#603fdac016401486e38a9564d0f59664261e0f23"
  integrity sha512-fvv1+zY3Z7HUnE044wOJ3wDX31maK2l5T8e3yL4WtHyMmK8ucu2wOd4mDnsH1LwkwWaPN+kvnE/SvA+9qBQsIA==
  dependencies:
    "@ethersproject/bignumber" "^5.7.0"
    "@ethersproject/bytes" "^5.7.0"
    "@ethersproject/keccak256" "^5.7.0"
    "@zk-kit/incremental-merkle-tree" "1.1.0"

"@semaphore-protocol/identity@^3.11.0":
  version "3.11.0"
  resolved "https://registry.yarnpkg.com/@semaphore-protocol/identity/-/identity-3.11.0.tgz#32a6f7d6ae6dab529b4b08ae32055219f46ebe07"
  integrity sha512-z82ZyZuUeq2+l9/cnCB/sCYdPOb0TQRl0S4w1BdnsAGBCRaE8lt8+fprSdEGc0ay0kCZIiIp0iLWB5d9Frf+Ug==
  dependencies:
    "@ethersproject/bignumber" "^5.5.0"
    "@ethersproject/keccak256" "^5.7.0"
    "@ethersproject/random" "^5.5.1"
    "@ethersproject/strings" "^5.6.1"
    js-sha512 "^0.8.0"

"@semaphore-protocol/proof@^3.11.0":
  version "3.11.0"
  resolved "https://registry.yarnpkg.com/@semaphore-protocol/proof/-/proof-3.11.0.tgz#bafc180790b7400d34b5b19c5003a0b81d7a8222"
  integrity sha512-MMETUKk+ILhDu+Yk3qyIT2u9R4GWe+rP8EtAVZ+kp6Eg2BEDX0k8JeKjymN3puWyZYAZWx6OYUldEj6w+KvmUw==
  dependencies:
    "@ethersproject/bignumber" "^5.5.0"
    "@ethersproject/bytes" "^5.7.0"
    "@ethersproject/keccak256" "^5.7.0"
    "@ethersproject/strings" "^5.5.0"
    "@zk-kit/incremental-merkle-tree" "0.4.3"
    snarkjs "0.4.16"

"@semaphore-research/merkle-tree@0.3.0":
  version "0.3.0"
  resolved "https://registry.yarnpkg.com/@semaphore-research/merkle-tree/-/merkle-tree-0.3.0.tgz#58b4167ddb1a85a6e65615cbf70b4952491b8ff0"
  integrity sha512-42z9LsG5i5Vb9u1sfPIsGNhueJ/l9m1aToKQCcvkeZs+klgfgLGaAC11tn7afF2VPjdPFZ5xRpmqsXrcMxdTsw==
  dependencies:
    poseidon-lite "^0.2.0"

"@zk-kit/incremental-merkle-tree@0.4.3":
  version "0.4.3"
  resolved "https://registry.yarnpkg.com/@zk-kit/incremental-merkle-tree/-/incremental-merkle-tree-0.4.3.tgz#197f72102d35dd9c546a6a432896d6d6f6de05f4"
  integrity sha512-2qHfrJXtPx8/UmF0wFAUr4VqCLr3J/P859fk/e3fwKLUnf3baeIUAO6inY4wrh0NGy4bzpKUWYjDph0yTbPz6A==

"@zk-kit/incremental-merkle-tree@1.1.0":
  version "1.1.0"
  resolved "https://registry.yarnpkg.com/@zk-kit/incremental-merkle-tree/-/incremental-merkle-tree-1.1.0.tgz#6b0ccce56f9e05ccf73f7ea4fa746d5ef7d24b1d"
  integrity sha512-WnNR/GQse3lX8zOHMU8zwhgX8u3qPoul8w4GjJ0WDHq+VGJimo7EGheRZ/ILeBQabnlzAerdv3vBqYBehBeoKA==

ansi-styles@^4.1.0:
  version "4.3.0"
  resolved "https://registry.yarnpkg.com/ansi-styles/-/ansi-styles-4.3.0.tgz#edd803628ae71c04c85ae7a0906edad34b648937"
  integrity sha512-zbB9rCJAT1rbjiVDb2hqKFHNYLxgtk8NURxZ3IZwD3F6NtxbXZQCnnSi1Lkx+IDohdPlFp222wVALIheZJQSEg==
  dependencies:
    color-convert "^2.0.1"

async@^3.2.3:
  version "3.2.4"
  resolved "https://registry.yarnpkg.com/async/-/async-3.2.4.tgz#2d22e00f8cddeb5fde5dd33522b56d1cf569a81c"
  integrity sha512-iAB+JbDEGXhyIUavoDl9WP/Jj106Kz9DEn1DPgYw5ruDn0e3Wgi3sKFm55sASdGBNOQB8F59d9qQ7deqrHA8wQ==

b4a@^1.0.1:
  version "1.6.4"
  resolved "https://registry.yarnpkg.com/b4a/-/b4a-1.6.4.tgz#ef1c1422cae5ce6535ec191baeed7567443f36c9"
  integrity sha512-fpWrvyVHEKyeEvbKZTVOeZF3VSKKWtJxFIxX/jaVPf+cLbGUSitjb49pHLqPV2BUNNZ0LcoeEGfE/YCpyDYHIw==

balanced-match@^1.0.0:
  version "1.0.2"
  resolved "https://registry.yarnpkg.com/balanced-match/-/balanced-match-1.0.2.tgz#e83e3a7e3f300b34cb9d87f615fa0cbf357690ee"
  integrity sha512-3oSeUO0TMV67hN1AmbXsK4yaqU7tjiHlbxRDZOpH0KW9+CeX4bRAaX0Anxt0tx2MrpRpWwQaPwIlISEJhYU5Pw==

bfj@^7.0.2:
  version "7.0.2"
  resolved "https://registry.yarnpkg.com/bfj/-/bfj-7.0.2.tgz#1988ce76f3add9ac2913fd8ba47aad9e651bfbb2"
  integrity sha512-+e/UqUzwmzJamNF50tBV6tZPTORow7gQ96iFow+8b562OdMpEK0BcJEq2OSPEDmAbSMBQ7PKZ87ubFkgxpYWgw==
  dependencies:
    bluebird "^3.5.5"
    check-types "^11.1.1"
    hoopy "^0.1.4"
    tryer "^1.0.1"

big-integer@^1.6.42, big-integer@^1.6.48:
  version "1.6.51"
  resolved "https://registry.yarnpkg.com/big-integer/-/big-integer-1.6.51.tgz#0df92a5d9880560d3ff2d5fd20245c889d130686"
  integrity sha512-GPEid2Y9QU1Exl1rpO9B2IPJGHPSupF5GnVIP0blYvNOMer2bTvSWs1jGOUg04hTmu67nmLsQ9TBo1puaotBHg==

blake2b-wasm@^2.4.0:
  version "2.4.0"
  resolved "https://registry.yarnpkg.com/blake2b-wasm/-/blake2b-wasm-2.4.0.tgz#9115649111edbbd87eb24ce7c04b427e4e2be5be"
  integrity sha512-S1kwmW2ZhZFFFOghcx73+ZajEfKBqhP82JMssxtLVMxlaPea1p9uoLiUZ5WYyHn0KddwbLc+0vh4wR0KBNoT5w==
  dependencies:
    b4a "^1.0.1"
    nanoassert "^2.0.0"

blakejs@^1.1.0:
  version "1.2.1"
  resolved "https://registry.yarnpkg.com/blakejs/-/blakejs-1.2.1.tgz#5057e4206eadb4a97f7c0b6e197a505042fc3814"
  integrity sha512-QXUSXI3QVc/gJME0dBpXrag1kbzOqCjCX8/b54ntNyW6sjtoqxqRk3LTmXzaJoh71zMsDCjM+47jS7XiwN/+fQ==

bluebird@^3.5.5:
  version "3.7.2"
  resolved "https://registry.yarnpkg.com/bluebird/-/bluebird-3.7.2.tgz#9f229c15be272454ffa973ace0dbee79a1b0c36f"
  integrity sha512-XpNj6GDQzdfW+r2Wnn7xiSAd7TM3jzkxGXBGTtWKuSXv1xUV+azxAm8jdWZN06QTQk+2N2XB9jRDkvbmQmcRtg==

bn.js@^5.2.1:
  version "5.2.1"
  resolved "https://registry.yarnpkg.com/bn.js/-/bn.js-5.2.1.tgz#0bc527a6a0d18d0aa8d5b0538ce4a77dccfa7b70"
  integrity sha512-eXRvHzWyYPBuB4NBy0cmYQjGitUrtqwbvlzP3G6VFnNRbsZQIxQ10PbKKHt8gZ/HW/D/747aDl+QkDqg3KQLMQ==

brace-expansion@^1.1.7:
  version "1.1.11"
  resolved "https://registry.yarnpkg.com/brace-expansion/-/brace-expansion-1.1.11.tgz#3c7fcbf529d87226f3d2f52b966ff5271eb441dd"
  integrity sha512-iCuPHDFgrHX7H2vEI/5xpz07zSHB00TpugqhmYtVmMO6518mCuRMoOYFldEBl0g187ufozdaHgWKcYFb61qGiA==
  dependencies:
    balanced-match "^1.0.0"
    concat-map "0.0.1"

brace-expansion@^2.0.1:
  version "2.0.1"
  resolved "https://registry.yarnpkg.com/brace-expansion/-/brace-expansion-2.0.1.tgz#1edc459e0f0c548486ecf9fc99f2221364b9a0ae"
  integrity sha512-XnAIvQ8eM+kC6aULx6wuQiwVsnzsi9d3WxzV3FpWTGA19F621kwdbsAcFKXgKUHZWsy+mY6iL1sHTxWEFCytDA==
  dependencies:
    balanced-match "^1.0.0"

chalk@^4.0.2:
  version "4.1.2"
  resolved "https://registry.yarnpkg.com/chalk/-/chalk-4.1.2.tgz#aac4e2b7734a740867aeb16bf02aad556a1e7a01"
  integrity sha512-oKnbhFyRIXpUuez8iBMmyEa4nbj4IOQyuhc/wy9kY7/WVPcwIO9VA668Pu8RkO7+0G76SLROeyw9CpQ061i4mA==
  dependencies:
    ansi-styles "^4.1.0"
    supports-color "^7.1.0"

check-types@^11.1.1:
  version "11.2.2"
  resolved "https://registry.yarnpkg.com/check-types/-/check-types-11.2.2.tgz#7afc0b6a860d686885062f2dba888ba5710335b4"
  integrity sha512-HBiYvXvn9Z70Z88XKjz3AEKd4HJhBXsa3j7xFnITAzoS8+q6eIGi8qDB8FKPBAjtuxjI/zFpwuiCb8oDtKOYrA==

circom_runtime@0.1.17:
  version "0.1.17"
  resolved "https://registry.yarnpkg.com/circom_runtime/-/circom_runtime-0.1.17.tgz#9360017d6b5d9291128da4fe05830384ef293ec1"
  integrity sha512-FCOCPz7ZbqL4TpzBlISRZ7/fcYHkdZz0DMfju1DYHiRU/+ZzJQfDS8JYENlnb9PO+HsLTr6/QtzphqvnEBp9AQ==
  dependencies:
    ffjavascript "0.2.48"

circom_runtime@0.1.22:
  version "0.1.22"
  resolved "https://registry.yarnpkg.com/circom_runtime/-/circom_runtime-0.1.22.tgz#f957c47662cdd03cd3fb76979c434c719a366373"
  integrity sha512-V/XYZWBhbZY8SotkaGH4FbiDYAZ8a1Md++MBiKPDOuWS/NIJB+Q+XIiTC8zKMgoDaa9cd2OiTvsC9J6te7twNg==
  dependencies:
    ffjavascript "0.2.57"

circomlib@^2.0.2:
  version "2.0.5"
  resolved "https://registry.yarnpkg.com/circomlib/-/circomlib-2.0.5.tgz#183c703e53ed7d011811842dbeeeb9819f4cc1d6"
  integrity sha512-O7NQ8OS+J4eshBuoy36z/TwQU0YHw8W3zxZcs4hVwpEll3e4hDm3mgkIPqItN8FDeLEKZFK3YeT/+k8TiLF3/A==

color-convert@^2.0.1:
  version "2.0.1"
  resolved "https://registry.yarnpkg.com/color-convert/-/color-convert-2.0.1.tgz#72d3a68d598c9bdb3af2ad1e84f21d896abd4de3"
  integrity sha512-RRECPsj7iu/xb5oKYcsFHSppFNnsj/52OVTRKb4zP5onXwVF3zVmmToNcOfGC+CRDpfK/U584fMg38ZHCaElKQ==
  dependencies:
    color-name "~1.1.4"

color-name@~1.1.4:
  version "1.1.4"
  resolved "https://registry.yarnpkg.com/color-name/-/color-name-1.1.4.tgz#c2a09a87acbde69543de6f63fa3995c826c536a2"
  integrity sha512-dOy+3AuW3a2wNbZHIuMZpTcgjGuLU/uBL/ubcZF9OXbDo8ff4O8yVp5Bf0efS8uEoYo5q4Fx7dY9OgQGXgAsQA==

concat-map@0.0.1:
  version "0.0.1"
  resolved "https://registry.yarnpkg.com/concat-map/-/concat-map-0.0.1.tgz#d8a96bd77fd68df7793a73036a3ba0d5405d477b"
  integrity sha512-/Srv4dswyQNBfohGpz9o6Yb3Gz3SrUDqBH5rTuhGR7ahtlbYKnVxw2bCFMRljaA7EXHaXZ8wsHdodFvbkhKmqg==

ejs@^3.1.6:
  version "3.1.9"
  resolved "https://registry.yarnpkg.com/ejs/-/ejs-3.1.9.tgz#03c9e8777fe12686a9effcef22303ca3d8eeb361"
  integrity sha512-rC+QVNMJWv+MtPgkt0y+0rVEIdbtxVADApW9JXrUVlzHetgcyczP/E7DJmWJ4fJCZF2cPcBk0laWO9ZHMG3DmQ==
  dependencies:
    jake "^10.8.5"

fastfile@0.0.19:
  version "0.0.19"
  resolved "https://registry.yarnpkg.com/fastfile/-/fastfile-0.0.19.tgz#02cef9ade123b0a74adb794f4a1abcfa5719fd46"
  integrity sha512-tz9nWR5KYb6eR2odFQ7oxqEkx8F3YQZ6NBJoJR92YEG3DqYOqyxMck8PKvTVNKx3uwvOqGnLXNScnqpdHRdHGQ==

fastfile@0.0.20:
  version "0.0.20"
  resolved "https://registry.yarnpkg.com/fastfile/-/fastfile-0.0.20.tgz#794a143d58cfda2e24c298e5ef619c748c8a1879"
  integrity sha512-r5ZDbgImvVWCP0lA/cGNgQcZqR+aYdFx3u+CtJqUE510pBUVGMn4ulL/iRTI4tACTYsNJ736uzFxEBXesPAktA==

ffjavascript@0.2.48:
  version "0.2.48"
  resolved "https://registry.yarnpkg.com/ffjavascript/-/ffjavascript-0.2.48.tgz#0ca408471d7b18bfc096a9631aa3ef3549c8c82b"
  integrity sha512-uNrWP+odLofNmmO+iCCPi/Xt/sJh1ku3pVKmKWVWCLFfdCP69hvRrogKUIGnsdiINcWn0lGxcEh5oEjStMFXQQ==
  dependencies:
    big-integer "^1.6.48"
    wasmbuilder "^0.0.12"
    wasmcurves "0.1.0"
    web-worker "^1.2.0"

ffjavascript@0.2.57:
  version "0.2.57"
  resolved "https://registry.yarnpkg.com/ffjavascript/-/ffjavascript-0.2.57.tgz#ba1be96015b2688192e49f2f4de2cc5150fd8594"
  integrity sha512-V+vxZ/zPNcthrWmqfe/1YGgqdkTamJeXiED0tsk7B84g40DKlrTdx47IqZuiygqAVG6zMw4qYuvXftIJWsmfKQ==
  dependencies:
    wasmbuilder "0.0.16"
    wasmcurves "0.2.0"
    web-worker "^1.2.0"

ffjavascript@0.2.59, ffjavascript@^0.2.48:
  version "0.2.59"
  resolved "https://registry.yarnpkg.com/ffjavascript/-/ffjavascript-0.2.59.tgz#b2f836082587fab333dfb181b909a188f80036f3"
  integrity sha512-QssOEUv+wilz9Sg7Zaj6KWAm7QceOAEsFuEBTltUsDo1cjn11rA/LGYvzFBPbzNfxRlZxwgJ7uxpCQcdDlrNfw==
  dependencies:
    wasmbuilder "0.0.16"
    wasmcurves "0.2.1"
    web-worker "^1.2.0"

filelist@^1.0.4:
  version "1.0.4"
  resolved "https://registry.yarnpkg.com/filelist/-/filelist-1.0.4.tgz#f78978a1e944775ff9e62e744424f215e58352b5"
  integrity sha512-w1cEuf3S+DrLCQL7ET6kz+gmlJdbq9J7yXCSjK/OZCPA+qEN1WyF4ZAf0YYJa4/shHJra2t/d/r8SV4Ji+x+8Q==
  dependencies:
    minimatch "^5.0.1"

has-flag@^4.0.0:
  version "4.0.0"
  resolved "https://registry.yarnpkg.com/has-flag/-/has-flag-4.0.0.tgz#944771fd9c81c81265c4d6941860da06bb59479b"
  integrity sha512-EykJT/Q1KjTWctppgIAgfSO0tKVuZUjhgMr17kqTumMl6Afv3EISleU7qZUzoXDFTAHTDC4NOoG/ZxU3EvlMPQ==

hoopy@^0.1.4:
  version "0.1.4"
  resolved "https://registry.yarnpkg.com/hoopy/-/hoopy-0.1.4.tgz#609207d661100033a9a9402ad3dea677381c1b1d"
  integrity sha512-HRcs+2mr52W0K+x8RzcLzuPPmVIKMSv97RGHy0Ea9y/mpcaK+xTrjICA04KAHi4GRzxliNqNJEFYWHghy3rSfQ==

jake@^10.8.5:
  version "10.8.7"
  resolved "https://registry.yarnpkg.com/jake/-/jake-10.8.7.tgz#63a32821177940c33f356e0ba44ff9d34e1c7d8f"
  integrity sha512-ZDi3aP+fG/LchyBzUM804VjddnwfSfsdeYkwt8NcbKRvo4rFkjhs456iLFn3k2ZUWvNe4i48WACDbza8fhq2+w==
  dependencies:
    async "^3.2.3"
    chalk "^4.0.2"
    filelist "^1.0.4"
    minimatch "^3.1.2"

js-sha3@0.8.0, js-sha3@^0.8.0:
  version "0.8.0"
  resolved "https://registry.yarnpkg.com/js-sha3/-/js-sha3-0.8.0.tgz#b9b7a5da73afad7dedd0f8c463954cbde6818840"
  integrity sha512-gF1cRrHhIzNfToc802P800N8PpXS+evLLXfsVpowqmAFR9uwbi89WvXg2QspOmXL8QL86J4T1EpFu+yUkwJY3Q==

js-sha512@^0.8.0:
  version "0.8.0"
  resolved "https://registry.yarnpkg.com/js-sha512/-/js-sha512-0.8.0.tgz#dd22db8d02756faccf19f218e3ed61ec8249f7d4"
  integrity sha512-PWsmefG6Jkodqt+ePTvBZCSMFgN7Clckjd0O7su3I0+BW2QWUTJNzjktHsztGLhncP2h8mcF9V9Y2Ha59pAViQ==

logplease@^1.2.15:
  version "1.2.15"
  resolved "https://registry.yarnpkg.com/logplease/-/logplease-1.2.15.tgz#3da442e93751a5992cc19010a826b08d0293c48a"
  integrity sha512-jLlHnlsPSJjpwUfcNyUxXCl33AYg2cHhIf9QhGL2T4iPT0XPB+xP1LRKFPgIg1M/sg9kAJvy94w9CzBNrfnstA==

minimatch@^3.1.2:
  version "3.1.2"
  resolved "https://registry.yarnpkg.com/minimatch/-/minimatch-3.1.2.tgz#19cd194bfd3e428f049a70817c038d89ab4be35b"
  integrity sha512-J7p63hRiAjw1NDEww1W7i37+ByIrOWO5XQQAzZ3VOcL0PNybwpfmV/N05zFAzwQ9USyEcX6t3UO+K5aqBQOIHw==
  dependencies:
    brace-expansion "^1.1.7"

minimatch@^5.0.1:
  version "5.1.6"
  resolved "https://registry.yarnpkg.com/minimatch/-/minimatch-5.1.6.tgz#1cfcb8cf5522ea69952cd2af95ae09477f122a96"
  integrity sha512-lKwV/1brpG6mBUFHtb7NUmtABCb2WZZmm2wNiOA5hAb8VdCS4B3dtMWyvcoViccwAW/COERjXLt0zP1zXUN26g==
  dependencies:
    brace-expansion "^2.0.1"

nanoassert@^2.0.0:
  version "2.0.0"
  resolved "https://registry.yarnpkg.com/nanoassert/-/nanoassert-2.0.0.tgz#a05f86de6c7a51618038a620f88878ed1e490c09"
  integrity sha512-7vO7n28+aYO4J+8w96AzhmU8G+Y/xpPDJz/se19ICsqj/momRbb9mh9ZUtkoJ5X3nTnPdhEJyc0qnM6yAsHBaA==

poseidon-lite@^0.2.0:
  version "0.2.0"
  resolved "https://registry.yarnpkg.com/poseidon-lite/-/poseidon-lite-0.2.0.tgz#dbc242ebd9c10c32d507a533fa497231d168fd72"
  integrity sha512-vivDZnGmz8W4G/GzVA72PXkfYStjilu83rjjUfpL4PueKcC8nfX6hCPh2XhoC5FBgC6y0TA3YuUeUo5YCcNoig==

r1csfile@0.0.35:
  version "0.0.35"
  resolved "https://registry.yarnpkg.com/r1csfile/-/r1csfile-0.0.35.tgz#07e956108d28cf9d388562e9fcc068880c517ed8"
  integrity sha512-n6RTn7KxtfHxw5gjljYBaEuhVkXEQ2sZW1XVan7fwdwvQt9Kd65/A0cy+nNHL4GRGAHEaBMdYj0JOl/3kXln4Q==
  dependencies:
    "@iden3/bigarray" "0.0.2"
    "@iden3/binfileutils" "0.0.10"
    fastfile "0.0.19"
    ffjavascript "0.2.48"

r1csfile@0.0.45:
  version "0.0.45"
  resolved "https://registry.yarnpkg.com/r1csfile/-/r1csfile-0.0.45.tgz#59d59a33f8b5280017fc00ee691d003a3d705fe0"
  integrity sha512-YKIp4D441aZ6OoI9y+bfAyb2j4Cl+OFq/iiX6pPWDrL4ZO968h0dq0w07i65edvrTt7/G43mTnl0qEuLXyp/Yw==
  dependencies:
    "@iden3/bigarray" "0.0.2"
    "@iden3/binfileutils" "0.0.11"
    fastfile "0.0.20"
    ffjavascript "0.2.57"

readline@^1.3.0:
  version "1.3.0"
  resolved "https://registry.yarnpkg.com/readline/-/readline-1.3.0.tgz#c580d77ef2cfc8752b132498060dc9793a7ac01c"
  integrity sha512-k2d6ACCkiNYz222Fs/iNze30rRJ1iIicW7JuX/7/cozvih6YCkFZH+J6mAFDVgv0dRBaAyr4jDqC95R2y4IADg==

snarkjs@0.4.16:
  version "0.4.16"
  resolved "https://registry.yarnpkg.com/snarkjs/-/snarkjs-0.4.16.tgz#d855e0a16f053806e514d12b8600c4f4b3f0eb97"
  integrity sha512-Q5nTANzZNp2VI/2ZLeWazioYs4P2tn0gzQfG/fctibLEZh8UgF2RX1xst42CFw6WrsytB8WqPRH1JghN5OrEyg==
  dependencies:
    "@iden3/binfileutils" "0.0.10"
    blake2b-wasm "^2.4.0"
    circom_runtime "0.1.17"
    ejs "^3.1.6"
    fastfile "0.0.19"
    ffjavascript "0.2.48"
    js-sha3 "^0.8.0"
    logplease "^1.2.15"
    r1csfile "0.0.35"
    readline "^1.3.0"

snarkjs@^0.7.0:
  version "0.7.0"
  resolved "https://registry.yarnpkg.com/snarkjs/-/snarkjs-0.7.0.tgz#9b4d193a0535c1903e45f1508aa7ad74cd130844"
  integrity sha512-Vu5W+0Va6X1xvlCllpZ2r3/S7MafnL6IrAv09lk/F+VNDHuHEHx3xopR9Kr70p2KpbBBJ/HB9VCDZWism8WGlA==
  dependencies:
    "@iden3/binfileutils" "0.0.11"
    bfj "^7.0.2"
    blake2b-wasm "^2.4.0"
    circom_runtime "0.1.22"
    ejs "^3.1.6"
    fastfile "0.0.20"
    ffjavascript "0.2.59"
    js-sha3 "^0.8.0"
    logplease "^1.2.15"
    r1csfile "0.0.45"

supports-color@^7.1.0:
  version "7.2.0"
  resolved "https://registry.yarnpkg.com/supports-color/-/supports-color-7.2.0.tgz#1b7dcdcb32b8138801b3e478ba6a51caa89648da"
  integrity sha512-qpCAvRl9stuOHveKsn7HncJRvv501qIacKzQlO/+Lwxc9+0q2wLyv4Dfvt80/DPn2pqOBsJdDiogXGR9+OvwRw==
  dependencies:
    has-flag "^4.0.0"

tryer@^1.0.1:
  version "1.0.1"
  resolved "https://registry.yarnpkg.com/tryer/-/tryer-1.0.1.tgz#f2c85406800b9b0f74c9f7465b81eaad241252f8"
  integrity sha512-c3zayb8/kWWpycWYg87P71E1S1ZL6b6IJxfb5fvsUgsf0S2MVGaDhDXXjDMpdCpfWXqptc+4mXwmiy1ypXqRAA==

wasmbuilder@0.0.16:
  version "0.0.16"
  resolved "https://registry.yarnpkg.com/wasmbuilder/-/wasmbuilder-0.0.16.tgz#f34c1f2c047d2f6e1065cbfec5603988f16d8549"
  integrity sha512-Qx3lEFqaVvp1cEYW7Bfi+ebRJrOiwz2Ieu7ZG2l7YyeSJIok/reEQCQCuicj/Y32ITIJuGIM9xZQppGx5LrQdA==

wasmbuilder@^0.0.12:
  version "0.0.12"
  resolved "https://registry.yarnpkg.com/wasmbuilder/-/wasmbuilder-0.0.12.tgz#a60cb25d6d11f314fe5ab3f4ee041ccb493cb78a"
  integrity sha512-dTMpBgrnLOXrN58i2zakn2ScynsBhq9LfyQIsPz4CyxRF9k1GAORniuqn3xmE9NnI1l7g3iiVCkoB2Cl0/oG8w==
  dependencies:
    big-integer "^1.6.48"

wasmcurves@0.1.0:
  version "0.1.0"
  resolved "https://registry.yarnpkg.com/wasmcurves/-/wasmcurves-0.1.0.tgz#0bc3f9d465367fcd8243395cb0094a05577e5609"
  integrity sha512-kIlcgbVUAv2uQ6lGsepGz/m5V40+Z6rvTBkqCYn3Y2+OcXst+UaP4filJYLh/xDxjJl62FFjZZeAnpeli1Y5/Q==
  dependencies:
    big-integer "^1.6.42"
    blakejs "^1.1.0"

wasmcurves@0.2.0:
  version "0.2.0"
  resolved "https://registry.yarnpkg.com/wasmcurves/-/wasmcurves-0.2.0.tgz#ccfc5a7d3778b6e0768b82a9336c80054f9bc0cf"
  integrity sha512-3e2rbxdujOwaod657gxgmdhZNn+i1qKdHO3Y/bK+8E7bV8ttV/fu5FO4/WLBACF375cK0QDLOP+65Na63qYuWA==
  dependencies:
    wasmbuilder "0.0.16"

wasmcurves@0.2.1:
  version "0.2.1"
  resolved "https://registry.yarnpkg.com/wasmcurves/-/wasmcurves-0.2.1.tgz#416d15432a9c6a7b79ef6000eab1e8e7302624ad"
  integrity sha512-9ciO7bUE5bgpbOcdK7IO3enrSVIKHwrQmPibok4GLJWaCA7Wyqc9PRYnu5HbiFv9NDFNqVKPtU5R6Is5KujBLg==
  dependencies:
    wasmbuilder "0.0.16"

web-worker@^1.2.0:
  version "1.2.0"
  resolved "https://registry.yarnpkg.com/web-worker/-/web-worker-1.2.0.tgz#5d85a04a7fbc1e7db58f66595d7a3ac7c9c180da"
  integrity sha512-PgF341avzqyx60neE9DD+XS26MMNMoUQRz9NOZwW32nPQrF6p77f1htcnjBSEV8BGMKZ16choqUG4hyI0Hx7mA==
